// !$*UTF8*$!
{
	archiveVersion = 1;
	classes = {
	};
	objectVersion = 55;
	objects = {

/* Begin PBXBuildFile section */
		AD5BBFA5280AC853009878FC /* Logger.docc in Sources */ = {isa = PBXBuildFile; fileRef = AD5BBFA4280AC853009878FC /* Logger.docc */; };
		AD5BBFAB280AC853009878FC /* Logger.framework in Frameworks */ = {isa = PBXBuildFile; fileRef = AD5BBFA0280AC853009878FC /* Logger.framework */; };
		AD5BBFB0280AC853009878FC /* LoggerTests.swift in Sources */ = {isa = PBXBuildFile; fileRef = AD5BBFAF280AC853009878FC /* LoggerTests.swift */; };
		AD5BBFB1280AC853009878FC /* Logger.h in Headers */ = {isa = PBXBuildFile; fileRef = AD5BBFA3280AC853009878FC /* Logger.h */; settings = {ATTRIBUTES = (Public, ); }; };
		AD5BBFBB280AC8C4009878FC /* Logger.swift in Sources */ = {isa = PBXBuildFile; fileRef = AD5BBFBA280AC8C4009878FC /* Logger.swift */; };
		AD5BBFBC280AC8C4009878FC /* Logger.swift in Sources */ = {isa = PBXBuildFile; fileRef = AD5BBFBA280AC8C4009878FC /* Logger.swift */; };
/* End PBXBuildFile section */

/* Begin PBXContainerItemProxy section */
		AD5BBFAC280AC853009878FC /* PBXContainerItemProxy */ = {
			isa = PBXContainerItemProxy;
			containerPortal = AD5BBF97280AC853009878FC /* Project object */;
			proxyType = 1;
			remoteGlobalIDString = AD5BBF9F280AC853009878FC;
			remoteInfo = Logger;
		};
/* End PBXContainerItemProxy section */

/* Begin PBXFileReference section */
		AD5BBFA0280AC853009878FC /* Logger.framework */ = {isa = PBXFileReference; explicitFileType = wrapper.framework; includeInIndex = 0; path = Logger.framework; sourceTree = BUILT_PRODUCTS_DIR; };
		AD5BBFA3280AC853009878FC /* Logger.h */ = {isa = PBXFileReference; lastKnownFileType = sourcecode.c.h; path = Logger.h; sourceTree = "<group>"; };
		AD5BBFA4280AC853009878FC /* Logger.docc */ = {isa = PBXFileReference; lastKnownFileType = folder.documentationcatalog; path = Logger.docc; sourceTree = "<group>"; };
		AD5BBFAA280AC853009878FC /* LoggerTests.xctest */ = {isa = PBXFileReference; explicitFileType = wrapper.cfbundle; includeInIndex = 0; path = LoggerTests.xctest; sourceTree = BUILT_PRODUCTS_DIR; };
		AD5BBFAF280AC853009878FC /* LoggerTests.swift */ = {isa = PBXFileReference; lastKnownFileType = sourcecode.swift; path = LoggerTests.swift; sourceTree = "<group>"; };
		AD5BBFBA280AC8C4009878FC /* Logger.swift */ = {isa = PBXFileReference; lastKnownFileType = sourcecode.swift; path = Logger.swift; sourceTree = "<group>"; };
/* End PBXFileReference section */

/* Begin PBXFrameworksBuildPhase section */
		AD5BBF9D280AC853009878FC /* Frameworks */ = {
			isa = PBXFrameworksBuildPhase;
			buildActionMask = 2147483647;
			files = (
			);
			runOnlyForDeploymentPostprocessing = 0;
		};
		AD5BBFA7280AC853009878FC /* Frameworks */ = {
			isa = PBXFrameworksBuildPhase;
			buildActionMask = 2147483647;
			files = (
				AD5BBFAB280AC853009878FC /* Logger.framework in Frameworks */,
			);
			runOnlyForDeploymentPostprocessing = 0;
		};
/* End PBXFrameworksBuildPhase section */

/* Begin PBXGroup section */
		AD5BBF96280AC853009878FC = {
			isa = PBXGroup;
			children = (
				AD5BBFA2280AC853009878FC /* Logger */,
				AD5BBFAE280AC853009878FC /* LoggerTests */,
				AD5BBFA1280AC853009878FC /* Products */,
			);
			sourceTree = "<group>";
		};
		AD5BBFA1280AC853009878FC /* Products */ = {
			isa = PBXGroup;
			children = (
				AD5BBFA0280AC853009878FC /* Logger.framework */,
				AD5BBFAA280AC853009878FC /* LoggerTests.xctest */,
			);
			name = Products;
			sourceTree = "<group>";
		};
		AD5BBFA2280AC853009878FC /* Logger */ = {
			isa = PBXGroup;
			children = (
				AD5BBFA3280AC853009878FC /* Logger.h */,
				AD5BBFA4280AC853009878FC /* Logger.docc */,
				AD5BBFBA280AC8C4009878FC /* Logger.swift */,
			);
			path = Logger;
			sourceTree = "<group>";
		};
		AD5BBFAE280AC853009878FC /* LoggerTests */ = {
			isa = PBXGroup;
			children = (
				AD5BBFAF280AC853009878FC /* LoggerTests.swift */,
			);
			path = LoggerTests;
			sourceTree = "<group>";
		};
/* End PBXGroup section */

/* Begin PBXHeadersBuildPhase section */
		AD5BBF9B280AC853009878FC /* Headers */ = {
			isa = PBXHeadersBuildPhase;
			buildActionMask = 2147483647;
			files = (
				AD5BBFB1280AC853009878FC /* Logger.h in Headers */,
			);
			runOnlyForDeploymentPostprocessing = 0;
		};
/* End PBXHeadersBuildPhase section */

/* Begin PBXNativeTarget section */
		AD5BBF9F280AC853009878FC /* Logger */ = {
			isa = PBXNativeTarget;
			buildConfigurationList = AD5BBFB4280AC853009878FC /* Build configuration list for PBXNativeTarget "Logger" */;
			buildPhases = (
				AD5BBF9B280AC853009878FC /* Headers */,
				AD5BBF9C280AC853009878FC /* Sources */,
				AD5BBF9D280AC853009878FC /* Frameworks */,
				AD5BBF9E280AC853009878FC /* Resources */,
			);
			buildRules = (
			);
			dependencies = (
			);
			name = Logger;
			productName = Logger;
			productReference = AD5BBFA0280AC853009878FC /* Logger.framework */;
			productType = "com.apple.product-type.framework";
		};
		AD5BBFA9280AC853009878FC /* LoggerTests */ = {
			isa = PBXNativeTarget;
			buildConfigurationList = AD5BBFB7280AC853009878FC /* Build configuration list for PBXNativeTarget "LoggerTests" */;
			buildPhases = (
				AD5BBFA6280AC853009878FC /* Sources */,
				AD5BBFA7280AC853009878FC /* Frameworks */,
				AD5BBFA8280AC853009878FC /* Resources */,
			);
			buildRules = (
			);
			dependencies = (
				AD5BBFAD280AC853009878FC /* PBXTargetDependency */,
			);
			name = LoggerTests;
			productName = LoggerTests;
			productReference = AD5BBFAA280AC853009878FC /* LoggerTests.xctest */;
			productType = "com.apple.product-type.bundle.unit-test";
		};
/* End PBXNativeTarget section */

/* Begin PBXProject section */
		AD5BBF97280AC853009878FC /* Project object */ = {
			isa = PBXProject;
			attributes = {
				BuildIndependentTargetsInParallel = 1;
				LastSwiftUpdateCheck = 1320;
				LastUpgradeCheck = 1320;
				TargetAttributes = {
					AD5BBF9F280AC853009878FC = {
						CreatedOnToolsVersion = 13.2.1;
					};
					AD5BBFA9280AC853009878FC = {
						CreatedOnToolsVersion = 13.2.1;
					};
				};
			};
			buildConfigurationList = AD5BBF9A280AC853009878FC /* Build configuration list for PBXProject "Logger" */;
			compatibilityVersion = "Xcode 13.0";
			developmentRegion = en;
			hasScannedForEncodings = 0;
			knownRegions = (
				en,
				Base,
			);
			mainGroup = AD5BBF96280AC853009878FC;
			productRefGroup = AD5BBFA1280AC853009878FC /* Products */;
			projectDirPath = "";
			projectRoot = "";
			targets = (
				AD5BBF9F280AC853009878FC /* Logger */,
				AD5BBFA9280AC853009878FC /* LoggerTests */,
			);
		};
/* End PBXProject section */

/* Begin PBXResourcesBuildPhase section */
		AD5BBF9E280AC853009878FC /* Resources */ = {
			isa = PBXResourcesBuildPhase;
			buildActionMask = 2147483647;
			files = (
			);
			runOnlyForDeploymentPostprocessing = 0;
		};
		AD5BBFA8280AC853009878FC /* Resources */ = {
			isa = PBXResourcesBuildPhase;
			buildActionMask = 2147483647;
			files = (
			);
			runOnlyForDeploymentPostprocessing = 0;
		};
/* End PBXResourcesBuildPhase section */

/* Begin PBXSourcesBuildPhase section */
		AD5BBF9C280AC853009878FC /* Sources */ = {
			isa = PBXSourcesBuildPhase;
			buildActionMask = 2147483647;
			files = (
				AD5BBFA5280AC853009878FC /* Logger.docc in Sources */,
				AD5BBFBB280AC8C4009878FC /* Logger.swift in Sources */,
			);
			runOnlyForDeploymentPostprocessing = 0;
		};
		AD5BBFA6280AC853009878FC /* Sources */ = {
			isa = PBXSourcesBuildPhase;
			buildActionMask = 2147483647;
			files = (
				AD5BBFB0280AC853009878FC /* LoggerTests.swift in Sources */,
				AD5BBFBC280AC8C4009878FC /* Logger.swift in Sources */,
			);
			runOnlyForDeploymentPostprocessing = 0;
		};
/* End PBXSourcesBuildPhase section */

/* Begin PBXTargetDependency section */
		AD5BBFAD280AC853009878FC /* PBXTargetDependency */ = {
			isa = PBXTargetDependency;
			target = AD5BBF9F280AC853009878FC /* Logger */;
			targetProxy = AD5BBFAC280AC853009878FC /* PBXContainerItemProxy */;
		};
/* End PBXTargetDependency section */

/* Begin XCBuildConfiguration section */
		AD5BBFB2280AC853009878FC /* Debug */ = {
			isa = XCBuildConfiguration;
			buildSettings = {
				ALWAYS_SEARCH_USER_PATHS = NO;
				CLANG_ANALYZER_NONNULL = YES;
				CLANG_ANALYZER_NUMBER_OBJECT_CONVERSION = YES_AGGRESSIVE;
				CLANG_CXX_LANGUAGE_STANDARD = "gnu++17";
				CLANG_CXX_LIBRARY = "libc++";
				CLANG_ENABLE_MODULES = YES;
				CLANG_ENABLE_OBJC_ARC = YES;
				CLANG_ENABLE_OBJC_WEAK = YES;
				CLANG_WARN_BLOCK_CAPTURE_AUTORELEASING = YES;
				CLANG_WARN_BOOL_CONVERSION = YES;
				CLANG_WARN_COMMA = YES;
				CLANG_WARN_CONSTANT_CONVERSION = YES;
				CLANG_WARN_DEPRECATED_OBJC_IMPLEMENTATIONS = YES;
				CLANG_WARN_DIRECT_OBJC_ISA_USAGE = YES_ERROR;
				CLANG_WARN_DOCUMENTATION_COMMENTS = YES;
				CLANG_WARN_EMPTY_BODY = YES;
				CLANG_WARN_ENUM_CONVERSION = YES;
				CLANG_WARN_INFINITE_RECURSION = YES;
				CLANG_WARN_INT_CONVERSION = YES;
				CLANG_WARN_NON_LITERAL_NULL_CONVERSION = YES;
				CLANG_WARN_OBJC_IMPLICIT_RETAIN_SELF = YES;
				CLANG_WARN_OBJC_LITERAL_CONVERSION = YES;
				CLANG_WARN_OBJC_ROOT_CLASS = YES_ERROR;
				CLANG_WARN_QUOTED_INCLUDE_IN_FRAMEWORK_HEADER = YES;
				CLANG_WARN_RANGE_LOOP_ANALYSIS = YES;
				CLANG_WARN_STRICT_PROTOTYPES = YES;
				CLANG_WARN_SUSPICIOUS_MOVE = YES;
				CLANG_WARN_UNGUARDED_AVAILABILITY = YES_AGGRESSIVE;
				CLANG_WARN_UNREACHABLE_CODE = YES;
				CLANG_WARN__DUPLICATE_METHOD_MATCH = YES;
				COPY_PHASE_STRIP = NO;
				CURRENT_PROJECT_VERSION = 1;
				DEBUG_INFORMATION_FORMAT = dwarf;
				ENABLE_STRICT_OBJC_MSGSEND = YES;
				ENABLE_TESTABILITY = YES;
				GCC_C_LANGUAGE_STANDARD = gnu11;
				GCC_DYNAMIC_NO_PIC = NO;
				GCC_NO_COMMON_BLOCKS = YES;
				GCC_OPTIMIZATION_LEVEL = 0;
				GCC_PREPROCESSOR_DEFINITIONS = (
					"DEBUG=1",
					"$(inherited)",
				);
				GCC_WARN_64_TO_32_BIT_CONVERSION = YES;
				GCC_WARN_ABOUT_RETURN_TYPE = YES_ERROR;
				GCC_WARN_UNDECLARED_SELECTOR = YES;
				GCC_WARN_UNINITIALIZED_AUTOS = YES_AGGRESSIVE;
				GCC_WARN_UNUSED_FUNCTION = YES;
				GCC_WARN_UNUSED_VARIABLE = YES;
				IPHONEOS_DEPLOYMENT_TARGET = 15.2;
				MTL_ENABLE_DEBUG_INFO = INCLUDE_SOURCE;
				MTL_FAST_MATH = YES;
				ONLY_ACTIVE_ARCH = YES;
				SDKROOT = iphoneos;
				SWIFT_ACTIVE_COMPILATION_CONDITIONS = DEBUG;
				SWIFT_OPTIMIZATION_LEVEL = "-Onone";
				VERSIONING_SYSTEM = "apple-generic";
				VERSION_INFO_PREFIX = "";
			};
			name = Debug;
		};
		AD5BBFB3280AC853009878FC /* Release */ = {
			isa = XCBuildConfiguration;
			buildSettings = {
				ALWAYS_SEARCH_USER_PATHS = NO;
				CLANG_ANALYZER_NONNULL = YES;
				CLANG_ANALYZER_NUMBER_OBJECT_CONVERSION = YES_AGGRESSIVE;
				CLANG_CXX_LANGUAGE_STANDARD = "gnu++17";
				CLANG_CXX_LIBRARY = "libc++";
				CLANG_ENABLE_MODULES = YES;
				CLANG_ENABLE_OBJC_ARC = YES;
				CLANG_ENABLE_OBJC_WEAK = YES;
				CLANG_WARN_BLOCK_CAPTURE_AUTORELEASING = YES;
				CLANG_WARN_BOOL_CONVERSION = YES;
				CLANG_WARN_COMMA = YES;
				CLANG_WARN_CONSTANT_CONVERSION = YES;
				CLANG_WARN_DEPRECATED_OBJC_IMPLEMENTATIONS = YES;
				CLANG_WARN_DIRECT_OBJC_ISA_USAGE = YES_ERROR;
				CLANG_WARN_DOCUMENTATION_COMMENTS = YES;
				CLANG_WARN_EMPTY_BODY = YES;
				CLANG_WARN_ENUM_CONVERSION = YES;
				CLANG_WARN_INFINITE_RECURSION = YES;
				CLANG_WARN_INT_CONVERSION = YES;
				CLANG_WARN_NON_LITERAL_NULL_CONVERSION = YES;
				CLANG_WARN_OBJC_IMPLICIT_RETAIN_SELF = YES;
				CLANG_WARN_OBJC_LITERAL_CONVERSION = YES;
				CLANG_WARN_OBJC_ROOT_CLASS = YES_ERROR;
				CLANG_WARN_QUOTED_INCLUDE_IN_FRAMEWORK_HEADER = YES;
				CLANG_WARN_RANGE_LOOP_ANALYSIS = YES;
				CLANG_WARN_STRICT_PROTOTYPES = YES;
				CLANG_WARN_SUSPICIOUS_MOVE = YES;
				CLANG_WARN_UNGUARDED_AVAILABILITY = YES_AGGRESSIVE;
				CLANG_WARN_UNREACHABLE_CODE = YES;
				CLANG_WARN__DUPLICATE_METHOD_MATCH = YES;
				COPY_PHASE_STRIP = NO;
				CURRENT_PROJECT_VERSION = 1;
				DEBUG_INFORMATION_FORMAT = "dwarf-with-dsym";
				ENABLE_NS_ASSERTIONS = NO;
				ENABLE_STRICT_OBJC_MSGSEND = YES;
				GCC_C_LANGUAGE_STANDARD = gnu11;
				GCC_NO_COMMON_BLOCKS = YES;
				GCC_WARN_64_TO_32_BIT_CONVERSION = YES;
				GCC_WARN_ABOUT_RETURN_TYPE = YES_ERROR;
				GCC_WARN_UNDECLARED_SELECTOR = YES;
				GCC_WARN_UNINITIALIZED_AUTOS = YES_AGGRESSIVE;
				GCC_WARN_UNUSED_FUNCTION = YES;
				GCC_WARN_UNUSED_VARIABLE = YES;
				IPHONEOS_DEPLOYMENT_TARGET = 15.2;
				MTL_ENABLE_DEBUG_INFO = NO;
				MTL_FAST_MATH = YES;
				SDKROOT = iphoneos;
				SWIFT_COMPILATION_MODE = wholemodule;
				SWIFT_OPTIMIZATION_LEVEL = "-O";
				VALIDATE_PRODUCT = YES;
				VERSIONING_SYSTEM = "apple-generic";
				VERSION_INFO_PREFIX = "";
			};
			name = Release;
		};
		AD5BBFB5280AC853009878FC /* Debug */ = {
			isa = XCBuildConfiguration;
			buildSettings = {
				BUILD_LIBRARY_FOR_DISTRIBUTION = YES;
				CODE_SIGN_STYLE = Automatic;
				CURRENT_PROJECT_VERSION = 1;
				DEFINES_MODULE = YES;
				DEVELOPMENT_TEAM = PAQ9ML4C7G;
				DYLIB_COMPATIBILITY_VERSION = 1;
				DYLIB_CURRENT_VERSION = 1;
				DYLIB_INSTALL_NAME_BASE = "@rpath";
				GENERATE_INFOPLIST_FILE = YES;
				INFOPLIST_KEY_NSHumanReadableCopyright = "";
				INSTALL_PATH = "$(LOCAL_LIBRARY_DIR)/Frameworks";
				LD_RUNPATH_SEARCH_PATHS = (
					"$(inherited)",
					"@executable_path/Frameworks",
					"@loader_path/Frameworks",
				);
				MARKETING_VERSION = 1.0;
				PRODUCT_BUNDLE_IDENTIFIER = massacr.inc.Logger;
				PRODUCT_NAME = "$(TARGET_NAME:c99extidentifier)";
				SKIP_INSTALL = YES;
				SWIFT_EMIT_LOC_STRINGS = YES;
				SWIFT_VERSION = 5.0;
				TARGETED_DEVICE_FAMILY = "1,2";
			};
			name = Debug;
		};
		AD5BBFB6280AC853009878FC /* Release */ = {
			isa = XCBuildConfiguration;
			buildSettings = {
				BUILD_LIBRARY_FOR_DISTRIBUTION = YES;
				CODE_SIGN_STYLE = Automatic;
				CURRENT_PROJECT_VERSION = 1;
				DEFINES_MODULE = YES;
				DEVELOPMENT_TEAM = PAQ9ML4C7G;
				DYLIB_COMPATIBILITY_VERSION = 1;
				DYLIB_CURRENT_VERSION = 1;
				DYLIB_INSTALL_NAME_BASE = "@rpath";
				GENERATE_INFOPLIST_FILE = YES;
				INFOPLIST_KEY_NSHumanReadableCopyright = "";
				INSTALL_PATH = "$(LOCAL_LIBRARY_DIR)/Frameworks";
				LD_RUNPATH_SEARCH_PATHS = (
					"$(inherited)",
					"@executable_path/Frameworks",
					"@loader_path/Frameworks",
				);
				MARKETING_VERSION = 1.0;
				PRODUCT_BUNDLE_IDENTIFIER = massacr.inc.Logger;
				PRODUCT_NAME = "$(TARGET_NAME:c99extidentifier)";
				SKIP_INSTALL = YES;
				SWIFT_EMIT_LOC_STRINGS = YES;
				SWIFT_VERSION = 5.0;
				TARGETED_DEVICE_FAMILY = "1,2";
			};
			name = Release;
		};
		AD5BBFB8280AC853009878FC /* Debug */ = {
			isa = XCBuildConfiguration;
			buildSettings = {
				ALWAYS_EMBED_SWIFT_STANDARD_LIBRARIES = YES;
				CODE_SIGN_STYLE = Automatic;
				CURRENT_PROJECT_VERSION = 1;
				DEVELOPMENT_TEAM = PAQ9ML4C7G;
				GENERATE_INFOPLIST_FILE = YES;
				MARKETING_VERSION = 1.0;
				PRODUCT_BUNDLE_IDENTIFIER = massacr.inc.LoggerTests;
				PRODUCT_NAME = "$(TARGET_NAME)";
				SWIFT_EMIT_LOC_STRINGS = NO;
				SWIFT_VERSION = 5.0;
				TARGETED_DEVICE_FAMILY = "1,2";
			};
			name = Debug;
		};
		AD5BBFB9280AC853009878FC /* Release */ = {
			isa = XCBuildConfiguration;
			buildSettings = {
				ALWAYS_EMBED_SWIFT_STANDARD_LIBRARIES = YES;
				CODE_SIGN_STYLE = Automatic;
				CURRENT_PROJECT_VERSION = 1;
				DEVELOPMENT_TEAM = PAQ9ML4C7G;
				GENERATE_INFOPLIST_FILE = YES;
				MARKETING_VERSION = 1.0;
				PRODUCT_BUNDLE_IDENTIFIER = massacr.inc.LoggerTests;
				PRODUCT_NAME = "$(TARGET_NAME)";
				SWIFT_EMIT_LOC_STRINGS = NO;
				SWIFT_VERSION = 5.0;
				TARGETED_DEVICE_FAMILY = "1,2";
			};
			name = Release;
		};
/* End XCBuildConfiguration section */

/* Begin XCConfigurationList section */
		AD5BBF9A280AC853009878FC /* Build configuration list for PBXProject "Logger" */ = {
			isa = XCConfigurationList;
			buildConfigurations = (
				AD5BBFB2280AC853009878FC /* Debug */,
				AD5BBFB3280AC853009878FC /* Release */,
			);
			defaultConfigurationIsVisible = 0;
			defaultConfigurationName = Release;
		};
		AD5BBFB4280AC853009878FC /* Build configuration list for PBXNativeTarget "Logger" */ = {
			isa = XCConfigurationList;
			buildConfigurations = (
				AD5BBFB5280AC853009878FC /* Debug */,
				AD5BBFB6280AC853009878FC /* Release */,
			);
			defaultConfigurationIsVisible = 0;
			defaultConfigurationName = Release;
		};
		AD5BBFB7280AC853009878FC /* Build configuration list for PBXNativeTarget "LoggerTests" */ = {
			isa = XCConfigurationList;
			buildConfigurations = (
				AD5BBFB8280AC853009878FC /* Debug */,
				AD5BBFB9280AC853009878FC /* Release */,
			);
			defaultConfigurationIsVisible = 0;
			defaultConfigurationName = Release;
		};
/* End XCConfigurationList section */
	};
	rootObject = AD5BBF97280AC853009878FC /* Project object */;
}
